
Microsoft Visual Studio Solution File, Format Version 12.00
# Visual Studio Version 16
VisualStudioVersion = 16.0.30104.148
MinimumVisualStudioVersion = 10.0.40219.1
Project("{FAE04EC0-301F-11D3-BF4B-00C04F79EFBC}") = "01. Exercise (Abstract Classes and Interfaces)", "01. Exercise (Abstract Classes and Interfaces)\01. Exercise (Abstract Classes and Interfaces).csproj", "{39C1FA8D-6F31-4D78-9CBA-DD2B612C1F4C}"
EndProject
Global
	GlobalSection(SolutionConfigurationPlatforms) = preSolution
		Debug|Any CPU = Debug|Any CPU
		Release|Any CPU = Release|Any CPU
	EndGlobalSection
	GlobalSection(ProjectConfigurationPlatforms) = postSolution
		{39C1FA8D-6F31-4D78-9CBA-DD2B612C1F4C}.Debug|Any CPU.ActiveCfg = Debug|Any CPU
		{39C1FA8D-6F31-4D78-9CBA-DD2B612C1F4C}.Debug|Any CPU.Build.0 = Debug|Any CPU
		{39C1FA8D-6F31-4D78-9CBA-DD2B612C1F4C}.Release|Any CPU.ActiveCfg = Release|Any CPU
		{39C1FA8D-6F31-4D78-9CBA-DD2B612C1F4C}.Release|Any CPU.Build.0 = Release|Any CPU
	EndGlobalSection
	GlobalSection(SolutionProperties) = preSolution
		HideSolutionNode = FALSE
	EndGlobalSection
	GlobalSection(ExtensibilityGlobals) = postSolution
		SolutionGuid = {C1AC8F65-5136-4983-934F-89585B266CD8}
	EndGlobalSection
EndGlobal
