
Microsoft Visual Studio Solution File, Format Version 12.00
# Visual Studio Version 16
VisualStudioVersion = 16.0.30225.117
MinimumVisualStudioVersion = 10.0.40219.1
Project("{FAE04EC0-301F-11D3-BF4B-00C04F79EFBC}") = "06. Homework {File System}", "06. Homework {File System}\06. Homework {File System}.csproj", "{B38C97DE-77F1-4126-A7F3-C4BA3764789E}"
EndProject
Global
	GlobalSection(SolutionConfigurationPlatforms) = preSolution
		Debug|Any CPU = Debug|Any CPU
		Release|Any CPU = Release|Any CPU
	EndGlobalSection
	GlobalSection(ProjectConfigurationPlatforms) = postSolution
		{B38C97DE-77F1-4126-A7F3-C4BA3764789E}.Debug|Any CPU.ActiveCfg = Debug|Any CPU
		{B38C97DE-77F1-4126-A7F3-C4BA3764789E}.Debug|Any CPU.Build.0 = Debug|Any CPU
		{B38C97DE-77F1-4126-A7F3-C4BA3764789E}.Release|Any CPU.ActiveCfg = Release|Any CPU
		{B38C97DE-77F1-4126-A7F3-C4BA3764789E}.Release|Any CPU.Build.0 = Release|Any CPU
	EndGlobalSection
	GlobalSection(SolutionProperties) = preSolution
		HideSolutionNode = FALSE
	EndGlobalSection
	GlobalSection(ExtensibilityGlobals) = postSolution
		SolutionGuid = {F50ED420-46DE-4A39-86AB-DC3A77464458}
	EndGlobalSection
EndGlobal
