
Microsoft Visual Studio Solution File, Format Version 12.00
# Visual Studio Version 16
VisualStudioVersion = 16.0.30104.148
MinimumVisualStudioVersion = 10.0.40219.1
Project("{FAE04EC0-301F-11D3-BF4B-00C04F79EFBC}") = "02. Exercise (Static Classes and Polymorphism)", "02. Exercise (Static Classes and Polymorphism)\02. Exercise (Static Classes and Polymorphism).csproj", "{00C8C1A7-E085-4651-8AB6-748C2E64ACE8}"
EndProject
Global
	GlobalSection(SolutionConfigurationPlatforms) = preSolution
		Debug|Any CPU = Debug|Any CPU
		Release|Any CPU = Release|Any CPU
	EndGlobalSection
	GlobalSection(ProjectConfigurationPlatforms) = postSolution
		{00C8C1A7-E085-4651-8AB6-748C2E64ACE8}.Debug|Any CPU.ActiveCfg = Debug|Any CPU
		{00C8C1A7-E085-4651-8AB6-748C2E64ACE8}.Debug|Any CPU.Build.0 = Debug|Any CPU
		{00C8C1A7-E085-4651-8AB6-748C2E64ACE8}.Release|Any CPU.ActiveCfg = Release|Any CPU
		{00C8C1A7-E085-4651-8AB6-748C2E64ACE8}.Release|Any CPU.Build.0 = Release|Any CPU
	EndGlobalSection
	GlobalSection(SolutionProperties) = preSolution
		HideSolutionNode = FALSE
	EndGlobalSection
	GlobalSection(ExtensibilityGlobals) = postSolution
		SolutionGuid = {DA9F81A0-7B65-444D-AB7B-1D705035EDD0}
	EndGlobalSection
EndGlobal
